// !$*UTF8*$!
{
	archiveVersion = 1;
	classes = {
	};
	objectVersion = 46;
	objects = {

/* Begin PBXBuildFile section */
		540711C31B54159E00252EF9 /* AppDelegate.swift in Sources */ = {isa = PBXBuildFile; fileRef = 540711C21B54159E00252EF9 /* AppDelegate.swift */; };
		540711C91B54159E00252EF9 /* GameViewController.swift in Sources */ = {isa = PBXBuildFile; fileRef = 540711C81B54159E00252EF9 /* GameViewController.swift */; };
		540711CC1B54159E00252EF9 /* Main.storyboard in Resources */ = {isa = PBXBuildFile; fileRef = 540711CA1B54159E00252EF9 /* Main.storyboard */; };
		540711D11B54159E00252EF9 /* LaunchScreen.xib in Resources */ = {isa = PBXBuildFile; fileRef = 540711CF1B54159E00252EF9 /* LaunchScreen.xib */; };
		540711DD1B54159E00252EF9 /* ReferenceTravelersTests.swift in Sources */ = {isa = PBXBuildFile; fileRef = 540711DC1B54159E00252EF9 /* ReferenceTravelersTests.swift */; };
		540711E71B5419F800252EF9 /* RTCombatScene.swift in Sources */ = {isa = PBXBuildFile; fileRef = 540711E61B5419F800252EF9 /* RTCombatScene.swift */; };
		540711EC1B5426EF00252EF9 /* RTTitleScene.swift in Sources */ = {isa = PBXBuildFile; fileRef = 540711EB1B5426EF00252EF9 /* RTTitleScene.swift */; };
		540711EE1B54283700252EF9 /* RTHeroSelectionScene.swift in Sources */ = {isa = PBXBuildFile; fileRef = 540711ED1B54283700252EF9 /* RTHeroSelectionScene.swift */; };
		540711F01B54287000252EF9 /* RTStageSelectionScene.swift in Sources */ = {isa = PBXBuildFile; fileRef = 540711EF1B54287000252EF9 /* RTStageSelectionScene.swift */; };
		540711F21B5428AA00252EF9 /* RTBoardScene.swift in Sources */ = {isa = PBXBuildFile; fileRef = 540711F11B5428AA00252EF9 /* RTBoardScene.swift */; };
		540711F41B54297B00252EF9 /* RTHideRequired.swift in Sources */ = {isa = PBXBuildFile; fileRef = 540711F31B54297B00252EF9 /* RTHideRequired.swift */; };
		540711F61B542A0700252EF9 /* RTHero.swift in Sources */ = {isa = PBXBuildFile; fileRef = 540711F51B542A0700252EF9 /* RTHero.swift */; };
		540712051B56F1AE00252EF9 /* RTAttributes.swift in Sources */ = {isa = PBXBuildFile; fileRef = 540712041B56F1AE00252EF9 /* RTAttributes.swift */; };
		540712071B56F95C00252EF9 /* RTAudio.swift in Sources */ = {isa = PBXBuildFile; fileRef = 540712061B56F95C00252EF9 /* RTAudio.swift */; };
		5407120B1B571F8D00252EF9 /* RTBackground.swift in Sources */ = {isa = PBXBuildFile; fileRef = 5407120A1B571F8D00252EF9 /* RTBackground.swift */; };
		5407120D1B572ABE00252EF9 /* RTSettingsScene.swift in Sources */ = {isa = PBXBuildFile; fileRef = 5407120C1B572ABE00252EF9 /* RTSettingsScene.swift */; };
		5407120F1B57709300252EF9 /* RTButton.swift in Sources */ = {isa = PBXBuildFile; fileRef = 5407120E1B57709300252EF9 /* RTButton.swift */; };
		545F85DD1B579B20003ABC76 /* Images.xcassets in Resources */ = {isa = PBXBuildFile; fileRef = 545F85DC1B579B20003ABC76 /* Images.xcassets */; };
		5489501E1B584B3800032B67 /* RTGamePad.swift in Sources */ = {isa = PBXBuildFile; fileRef = 5489501D1B584B3800032B67 /* RTGamePad.swift */; };
		548950211B58C03100032B67 /* RTSelectorButton.swift in Sources */ = {isa = PBXBuildFile; fileRef = 548950201B58C03100032B67 /* RTSelectorButton.swift */; };
		548950251B633CA800032B67 /* RTTile.swift in Sources */ = {isa = PBXBuildFile; fileRef = 548950241B633CA800032B67 /* RTTile.swift */; };
		548950281B641D7000032B67 /* RTTileCave.swift in Sources */ = {isa = PBXBuildFile; fileRef = 548950271B641D7000032B67 /* RTTileCave.swift */; };
		5489502A1B64267E00032B67 /* RTTileVillage.swift in Sources */ = {isa = PBXBuildFile; fileRef = 548950291B64267E00032B67 /* RTTileVillage.swift */; };
		5489502C1B64274E00032B67 /* RTTileLair.swift in Sources */ = {isa = PBXBuildFile; fileRef = 5489502B1B64274E00032B67 /* RTTileLair.swift */; };
/* End PBXBuildFile section */

/* Begin PBXContainerItemProxy section */
		540711D71B54159E00252EF9 /* PBXContainerItemProxy */ = {
			isa = PBXContainerItemProxy;
			containerPortal = 540711B51B54159E00252EF9 /* Project object */;
			proxyType = 1;
			remoteGlobalIDString = 540711BC1B54159E00252EF9;
			remoteInfo = ReferenceTravelers;
		};
/* End PBXContainerItemProxy section */

/* Begin PBXFileReference section */
		540711BD1B54159E00252EF9 /* ReferenceTravelers.app */ = {isa = PBXFileReference; explicitFileType = wrapper.application; includeInIndex = 0; path = ReferenceTravelers.app; sourceTree = BUILT_PRODUCTS_DIR; };
		540711C11B54159E00252EF9 /* Info.plist */ = {isa = PBXFileReference; lastKnownFileType = text.plist.xml; path = Info.plist; sourceTree = "<group>"; };
		540711C21B54159E00252EF9 /* AppDelegate.swift */ = {isa = PBXFileReference; lastKnownFileType = sourcecode.swift; path = AppDelegate.swift; sourceTree = "<group>"; };
		540711C81B54159E00252EF9 /* GameViewController.swift */ = {isa = PBXFileReference; lastKnownFileType = sourcecode.swift; path = GameViewController.swift; sourceTree = "<group>"; };
		540711CB1B54159E00252EF9 /* Base */ = {isa = PBXFileReference; lastKnownFileType = file.storyboard; name = Base; path = Base.lproj/Main.storyboard; sourceTree = "<group>"; };
		540711D01B54159E00252EF9 /* Base */ = {isa = PBXFileReference; lastKnownFileType = file.xib; name = Base; path = Base.lproj/LaunchScreen.xib; sourceTree = "<group>"; };
		540711D61B54159E00252EF9 /* ReferenceTravelersTests.xctest */ = {isa = PBXFileReference; explicitFileType = wrapper.cfbundle; includeInIndex = 0; path = ReferenceTravelersTests.xctest; sourceTree = BUILT_PRODUCTS_DIR; };
		540711DB1B54159E00252EF9 /* Info.plist */ = {isa = PBXFileReference; lastKnownFileType = text.plist.xml; path = Info.plist; sourceTree = "<group>"; };
		540711DC1B54159E00252EF9 /* ReferenceTravelersTests.swift */ = {isa = PBXFileReference; lastKnownFileType = sourcecode.swift; path = ReferenceTravelersTests.swift; sourceTree = "<group>"; };
		540711E61B5419F800252EF9 /* RTCombatScene.swift */ = {isa = PBXFileReference; fileEncoding = 4; lastKnownFileType = sourcecode.swift; path = RTCombatScene.swift; sourceTree = "<group>"; };
		540711EB1B5426EF00252EF9 /* RTTitleScene.swift */ = {isa = PBXFileReference; fileEncoding = 4; lastKnownFileType = sourcecode.swift; path = RTTitleScene.swift; sourceTree = "<group>"; };
		540711ED1B54283700252EF9 /* RTHeroSelectionScene.swift */ = {isa = PBXFileReference; fileEncoding = 4; lastKnownFileType = sourcecode.swift; path = RTHeroSelectionScene.swift; sourceTree = "<group>"; };
		540711EF1B54287000252EF9 /* RTStageSelectionScene.swift */ = {isa = PBXFileReference; fileEncoding = 4; lastKnownFileType = sourcecode.swift; path = RTStageSelectionScene.swift; sourceTree = "<group>"; };
		540711F11B5428AA00252EF9 /* RTBoardScene.swift */ = {isa = PBXFileReference; fileEncoding = 4; lastKnownFileType = sourcecode.swift; path = RTBoardScene.swift; sourceTree = "<group>"; };
		540711F31B54297B00252EF9 /* RTHideRequired.swift */ = {isa = PBXFileReference; fileEncoding = 4; lastKnownFileType = sourcecode.swift; path = RTHideRequired.swift; sourceTree = "<group>"; };
		540711F51B542A0700252EF9 /* RTHero.swift */ = {isa = PBXFileReference; fileEncoding = 4; lastKnownFileType = sourcecode.swift; path = RTHero.swift; sourceTree = "<group>"; };
		540712041B56F1AE00252EF9 /* RTAttributes.swift */ = {isa = PBXFileReference; fileEncoding = 4; lastKnownFileType = sourcecode.swift; path = RTAttributes.swift; sourceTree = "<group>"; };
		540712061B56F95C00252EF9 /* RTAudio.swift */ = {isa = PBXFileReference; fileEncoding = 4; lastKnownFileType = sourcecode.swift; path = RTAudio.swift; sourceTree = "<group>"; };
		5407120A1B571F8D00252EF9 /* RTBackground.swift */ = {isa = PBXFileReference; fileEncoding = 4; lastKnownFileType = sourcecode.swift; path = RTBackground.swift; sourceTree = "<group>"; };
		5407120C1B572ABE00252EF9 /* RTSettingsScene.swift */ = {isa = PBXFileReference; fileEncoding = 4; lastKnownFileType = sourcecode.swift; path = RTSettingsScene.swift; sourceTree = "<group>"; };
		5407120E1B57709300252EF9 /* RTButton.swift */ = {isa = PBXFileReference; fileEncoding = 4; lastKnownFileType = sourcecode.swift; path = RTButton.swift; sourceTree = "<group>"; };
		545F85DC1B579B20003ABC76 /* Images.xcassets */ = {isa = PBXFileReference; lastKnownFileType = folder.assetcatalog; path = Images.xcassets; sourceTree = "<group>"; };
		5489501D1B584B3800032B67 /* RTGamePad.swift */ = {isa = PBXFileReference; fileEncoding = 4; lastKnownFileType = sourcecode.swift; path = RTGamePad.swift; sourceTree = "<group>"; };
		548950201B58C03100032B67 /* RTSelectorButton.swift */ = {isa = PBXFileReference; fileEncoding = 4; lastKnownFileType = sourcecode.swift; path = RTSelectorButton.swift; sourceTree = "<group>"; };
		548950241B633CA800032B67 /* RTTile.swift */ = {isa = PBXFileReference; fileEncoding = 4; lastKnownFileType = sourcecode.swift; path = RTTile.swift; sourceTree = "<group>"; };
		548950271B641D7000032B67 /* RTTileCave.swift */ = {isa = PBXFileReference; fileEncoding = 4; lastKnownFileType = sourcecode.swift; path = RTTileCave.swift; sourceTree = "<group>"; };
		548950291B64267E00032B67 /* RTTileVillage.swift */ = {isa = PBXFileReference; fileEncoding = 4; lastKnownFileType = sourcecode.swift; path = RTTileVillage.swift; sourceTree = "<group>"; };
		5489502B1B64274E00032B67 /* RTTileLair.swift */ = {isa = PBXFileReference; fileEncoding = 4; lastKnownFileType = sourcecode.swift; path = RTTileLair.swift; sourceTree = "<group>"; };
/* End PBXFileReference section */

/* Begin PBXFrameworksBuildPhase section */
		540711BA1B54159E00252EF9 /* Frameworks */ = {
			isa = PBXFrameworksBuildPhase;
			buildActionMask = 2147483647;
			files = (
			);
			runOnlyForDeploymentPostprocessing = 0;
		};
		540711D31B54159E00252EF9 /* Frameworks */ = {
			isa = PBXFrameworksBuildPhase;
			buildActionMask = 2147483647;
			files = (
			);
			runOnlyForDeploymentPostprocessing = 0;
		};
/* End PBXFrameworksBuildPhase section */

/* Begin PBXGroup section */
		540711B41B54159E00252EF9 = {
			isa = PBXGroup;
			children = (
				540711BF1B54159E00252EF9 /* ReferenceTravelers */,
				540711D91B54159E00252EF9 /* ReferenceTravelersTests */,
				540711BE1B54159E00252EF9 /* Products */,
			);
			sourceTree = "<group>";
		};
		540711BE1B54159E00252EF9 /* Products */ = {
			isa = PBXGroup;
			children = (
				540711BD1B54159E00252EF9 /* ReferenceTravelers.app */,
				540711D61B54159E00252EF9 /* ReferenceTravelersTests.xctest */,
			);
			name = Products;
			sourceTree = "<group>";
		};
		540711BF1B54159E00252EF9 /* ReferenceTravelers */ = {
			isa = PBXGroup;
			children = (
				540711C21B54159E00252EF9 /* AppDelegate.swift */,
				540711C81B54159E00252EF9 /* GameViewController.swift */,
				540711EA1B5426D800252EF9 /* Scenes */,
				540711FA1B542BA200252EF9 /* Classes */,
				540711CA1B54159E00252EF9 /* Main.storyboard */,
				540711CF1B54159E00252EF9 /* LaunchScreen.xib */,
				545F85DC1B579B20003ABC76 /* Images.xcassets */,
				540711C01B54159E00252EF9 /* Supporting Files */,
			);
			path = ReferenceTravelers;
			sourceTree = "<group>";
		};
		540711C01B54159E00252EF9 /* Supporting Files */ = {
			isa = PBXGroup;
			children = (
				540711C11B54159E00252EF9 /* Info.plist */,
			);
			name = "Supporting Files";
			sourceTree = "<group>";
		};
		540711D91B54159E00252EF9 /* ReferenceTravelersTests */ = {
			isa = PBXGroup;
			children = (
				540711DC1B54159E00252EF9 /* ReferenceTravelersTests.swift */,
				540711DA1B54159E00252EF9 /* Supporting Files */,
			);
			path = ReferenceTravelersTests;
			sourceTree = "<group>";
		};
		540711DA1B54159E00252EF9 /* Supporting Files */ = {
			isa = PBXGroup;
			children = (
				540711DB1B54159E00252EF9 /* Info.plist */,
			);
			name = "Supporting Files";
			sourceTree = "<group>";
		};
		540711EA1B5426D800252EF9 /* Scenes */ = {
			isa = PBXGroup;
			children = (
				540711EB1B5426EF00252EF9 /* RTTitleScene.swift */,
				540711ED1B54283700252EF9 /* RTHeroSelectionScene.swift */,
				540711EF1B54287000252EF9 /* RTStageSelectionScene.swift */,
				540711F11B5428AA00252EF9 /* RTBoardScene.swift */,
				540711E61B5419F800252EF9 /* RTCombatScene.swift */,
				5407120C1B572ABE00252EF9 /* RTSettingsScene.swift */,
			);
			name = Scenes;
			sourceTree = "<group>";
		};
		540711F91B542A6E00252EF9 /* Base */ = {
			isa = PBXGroup;
			children = (
				540711F31B54297B00252EF9 /* RTHideRequired.swift */,
				540712061B56F95C00252EF9 /* RTAudio.swift */,
				5407120A1B571F8D00252EF9 /* RTBackground.swift */,
			);
			name = Base;
			sourceTree = "<group>";
		};
		540711FA1B542BA200252EF9 /* Classes */ = {
			isa = PBXGroup;
			children = (
				5489501F1B58BF5900032B67 /* Control */,
				540711F91B542A6E00252EF9 /* Base */,
				548950261B63405000032B67 /* Board */,
				540711FD1B544B5000252EF9 /* Character */,
			);
			name = Classes;
			sourceTree = "<group>";
		};
		540711FD1B544B5000252EF9 /* Character */ = {
			isa = PBXGroup;
			children = (
				540712041B56F1AE00252EF9 /* RTAttributes.swift */,
				540711F51B542A0700252EF9 /* RTHero.swift */,
			);
			name = Character;
			sourceTree = "<group>";
		};
		5489501F1B58BF5900032B67 /* Control */ = {
			isa = PBXGroup;
			children = (
				5407120E1B57709300252EF9 /* RTButton.swift */,
				548950201B58C03100032B67 /* RTSelectorButton.swift */,
				5489501D1B584B3800032B67 /* RTGamePad.swift */,
			);
			name = Control;
			sourceTree = "<group>";
		};
		548950261B63405000032B67 /* Board */ = {
			isa = PBXGroup;
			children = (
				548950241B633CA800032B67 /* RTTile.swift */,
				548950271B641D7000032B67 /* RTTileCave.swift */,
				548950291B64267E00032B67 /* RTTileVillage.swift */,
				5489502B1B64274E00032B67 /* RTTileLair.swift */,
			);
			name = Board;
			sourceTree = "<group>";
		};
/* End PBXGroup section */

/* Begin PBXNativeTarget section */
		540711BC1B54159E00252EF9 /* ReferenceTravelers */ = {
			isa = PBXNativeTarget;
			buildConfigurationList = 540711E01B54159E00252EF9 /* Build configuration list for PBXNativeTarget "ReferenceTravelers" */;
			buildPhases = (
				540711B91B54159E00252EF9 /* Sources */,
				540711BA1B54159E00252EF9 /* Frameworks */,
				540711BB1B54159E00252EF9 /* Resources */,
			);
			buildRules = (
			);
			dependencies = (
			);
			name = ReferenceTravelers;
			productName = ReferenceTravelers;
			productReference = 540711BD1B54159E00252EF9 /* ReferenceTravelers.app */;
			productType = "com.apple.product-type.application";
		};
		540711D51B54159E00252EF9 /* ReferenceTravelersTests */ = {
			isa = PBXNativeTarget;
			buildConfigurationList = 540711E31B54159E00252EF9 /* Build configuration list for PBXNativeTarget "ReferenceTravelersTests" */;
			buildPhases = (
				540711D21B54159E00252EF9 /* Sources */,
				540711D31B54159E00252EF9 /* Frameworks */,
				540711D41B54159E00252EF9 /* Resources */,
			);
			buildRules = (
			);
			dependencies = (
				540711D81B54159E00252EF9 /* PBXTargetDependency */,
			);
			name = ReferenceTravelersTests;
			productName = ReferenceTravelersTests;
			productReference = 540711D61B54159E00252EF9 /* ReferenceTravelersTests.xctest */;
			productType = "com.apple.product-type.bundle.unit-test";
		};
/* End PBXNativeTarget section */

/* Begin PBXProject section */
		540711B51B54159E00252EF9 /* Project object */ = {
			isa = PBXProject;
			attributes = {
				LastUpgradeCheck = 0640;
				ORGANIZATIONNAME = RTTeam;
				TargetAttributes = {
					540711BC1B54159E00252EF9 = {
						CreatedOnToolsVersion = 6.4;
					};
					540711D51B54159E00252EF9 = {
						CreatedOnToolsVersion = 6.4;
						TestTargetID = 540711BC1B54159E00252EF9;
					};
				};
			};
			buildConfigurationList = 540711B81B54159E00252EF9 /* Build configuration list for PBXProject "ReferenceTravelers" */;
			compatibilityVersion = "Xcode 3.2";
			developmentRegion = English;
			hasScannedForEncodings = 0;
			knownRegions = (
				en,
				Base,
			);
			mainGroup = 540711B41B54159E00252EF9;
			productRefGroup = 540711BE1B54159E00252EF9 /* Products */;
			projectDirPath = "";
			projectRoot = "";
			targets = (
				540711BC1B54159E00252EF9 /* ReferenceTravelers */,
				540711D51B54159E00252EF9 /* ReferenceTravelersTests */,
			);
		};
/* End PBXProject section */

/* Begin PBXResourcesBuildPhase section */
		540711BB1B54159E00252EF9 /* Resources */ = {
			isa = PBXResourcesBuildPhase;
			buildActionMask = 2147483647;
			files = (
				545F85DD1B579B20003ABC76 /* Images.xcassets in Resources */,
				540711D11B54159E00252EF9 /* LaunchScreen.xib in Resources */,
				540711CC1B54159E00252EF9 /* Main.storyboard in Resources */,
			);
			runOnlyForDeploymentPostprocessing = 0;
		};
		540711D41B54159E00252EF9 /* Resources */ = {
			isa = PBXResourcesBuildPhase;
			buildActionMask = 2147483647;
			files = (
			);
			runOnlyForDeploymentPostprocessing = 0;
		};
/* End PBXResourcesBuildPhase section */

/* Begin PBXSourcesBuildPhase section */
		540711B91B54159E00252EF9 /* Sources */ = {
			isa = PBXSourcesBuildPhase;
			buildActionMask = 2147483647;
			files = (
				540711F41B54297B00252EF9 /* RTHideRequired.swift in Sources */,
				5407120B1B571F8D00252EF9 /* RTBackground.swift in Sources */,
				5407120D1B572ABE00252EF9 /* RTSettingsScene.swift in Sources */,
				540711F61B542A0700252EF9 /* RTHero.swift in Sources */,
				5489502A1B64267E00032B67 /* RTTileVillage.swift in Sources */,
				548950211B58C03100032B67 /* RTSelectorButton.swift in Sources */,
				540711E71B5419F800252EF9 /* RTCombatScene.swift in Sources */,
				540711EE1B54283700252EF9 /* RTHeroSelectionScene.swift in Sources */,
				540711C91B54159E00252EF9 /* GameViewController.swift in Sources */,
				548950251B633CA800032B67 /* RTTile.swift in Sources */,
				540711C31B54159E00252EF9 /* AppDelegate.swift in Sources */,
				5489502C1B64274E00032B67 /* RTTileLair.swift in Sources */,
				540711F21B5428AA00252EF9 /* RTBoardScene.swift in Sources */,
				540712071B56F95C00252EF9 /* RTAudio.swift in Sources */,
				548950281B641D7000032B67 /* RTTileCave.swift in Sources */,
				5489501E1B584B3800032B67 /* RTGamePad.swift in Sources */,
				540711F01B54287000252EF9 /* RTStageSelectionScene.swift in Sources */,
				5407120F1B57709300252EF9 /* RTButton.swift in Sources */,
				540711EC1B5426EF00252EF9 /* RTTitleScene.swift in Sources */,
				540712051B56F1AE00252EF9 /* RTAttributes.swift in Sources */,
			);
			runOnlyForDeploymentPostprocessing = 0;
		};
		540711D21B54159E00252EF9 /* Sources */ = {
			isa = PBXSourcesBuildPhase;
			buildActionMask = 2147483647;
			files = (
				540711DD1B54159E00252EF9 /* ReferenceTravelersTests.swift in Sources */,
			);
			runOnlyForDeploymentPostprocessing = 0;
		};
/* End PBXSourcesBuildPhase section */

/* Begin PBXTargetDependency section */
		540711D81B54159E00252EF9 /* PBXTargetDependency */ = {
			isa = PBXTargetDependency;
			target = 540711BC1B54159E00252EF9 /* ReferenceTravelers */;
			targetProxy = 540711D71B54159E00252EF9 /* PBXContainerItemProxy */;
		};
/* End PBXTargetDependency section */

/* Begin PBXVariantGroup section */
		540711CA1B54159E00252EF9 /* Main.storyboard */ = {
			isa = PBXVariantGroup;
			children = (
				540711CB1B54159E00252EF9 /* Base */,
			);
			name = Main.storyboard;
			sourceTree = "<group>";
		};
		540711CF1B54159E00252EF9 /* LaunchScreen.xib */ = {
			isa = PBXVariantGroup;
			children = (
				540711D01B54159E00252EF9 /* Base */,
			);
			name = LaunchScreen.xib;
			sourceTree = "<group>";
		};
/* End PBXVariantGroup section */

/* Begin XCBuildConfiguration section */
		540711DE1B54159E00252EF9 /* Debug */ = {
			isa = XCBuildConfiguration;
			buildSettings = {
				ALWAYS_SEARCH_USER_PATHS = NO;
				CLANG_CXX_LANGUAGE_STANDARD = "gnu++0x";
				CLANG_CXX_LIBRARY = "libc++";
				CLANG_ENABLE_MODULES = YES;
				CLANG_ENABLE_OBJC_ARC = YES;
				CLANG_WARN_BOOL_CONVERSION = YES;
				CLANG_WARN_CONSTANT_CONVERSION = YES;
				CLANG_WARN_DIRECT_OBJC_ISA_USAGE = YES_ERROR;
				CLANG_WARN_EMPTY_BODY = YES;
				CLANG_WARN_ENUM_CONVERSION = YES;
				CLANG_WARN_INT_CONVERSION = YES;
				CLANG_WARN_OBJC_ROOT_CLASS = YES_ERROR;
				CLANG_WARN_UNREACHABLE_CODE = YES;
				CLANG_WARN__DUPLICATE_METHOD_MATCH = YES;
				"CODE_SIGN_IDENTITY[sdk=iphoneos*]" = "iPhone Developer";
				COPY_PHASE_STRIP = NO;
				DEBUG_INFORMATION_FORMAT = "dwarf-with-dsym";
				ENABLE_STRICT_OBJC_MSGSEND = YES;
				GCC_C_LANGUAGE_STANDARD = gnu99;
				GCC_DYNAMIC_NO_PIC = NO;
				GCC_NO_COMMON_BLOCKS = YES;
				GCC_OPTIMIZATION_LEVEL = 0;
				GCC_PREPROCESSOR_DEFINITIONS = (
					"DEBUG=1",
					"$(inherited)",
				);
				GCC_SYMBOLS_PRIVATE_EXTERN = NO;
				GCC_WARN_64_TO_32_BIT_CONVERSION = YES;
				GCC_WARN_ABOUT_RETURN_TYPE = YES_ERROR;
				GCC_WARN_UNDECLARED_SELECTOR = YES;
				GCC_WARN_UNINITIALIZED_AUTOS = YES_AGGRESSIVE;
				GCC_WARN_UNUSED_FUNCTION = YES;
				GCC_WARN_UNUSED_VARIABLE = YES;
				IPHONEOS_DEPLOYMENT_TARGET = 8.4;
				MTL_ENABLE_DEBUG_INFO = YES;
				ONLY_ACTIVE_ARCH = YES;
				SDKROOT = iphoneos;
				SWIFT_OPTIMIZATION_LEVEL = "-Onone";
				TARGETED_DEVICE_FAMILY = "1,2";
			};
			name = Debug;
		};
		540711DF1B54159E00252EF9 /* Release */ = {
			isa = XCBuildConfiguration;
			buildSettings = {
				ALWAYS_SEARCH_USER_PATHS = NO;
				CLANG_CXX_LANGUAGE_STANDARD = "gnu++0x";
				CLANG_CXX_LIBRARY = "libc++";
				CLANG_ENABLE_MODULES = YES;
				CLANG_ENABLE_OBJC_ARC = YES;
				CLANG_WARN_BOOL_CONVERSION = YES;
				CLANG_WARN_CONSTANT_CONVERSION = YES;
				CLANG_WARN_DIRECT_OBJC_ISA_USAGE = YES_ERROR;
				CLANG_WARN_EMPTY_BODY = YES;
				CLANG_WARN_ENUM_CONVERSION = YES;
				CLANG_WARN_INT_CONVERSION = YES;
				CLANG_WARN_OBJC_ROOT_CLASS = YES_ERROR;
				CLANG_WARN_UNREACHABLE_CODE = YES;
				CLANG_WARN__DUPLICATE_METHOD_MATCH = YES;
				"CODE_SIGN_IDENTITY[sdk=iphoneos*]" = "iPhone Developer";
				COPY_PHASE_STRIP = NO;
				DEBUG_INFORMATION_FORMAT = "dwarf-with-dsym";
				ENABLE_NS_ASSERTIONS = NO;
				ENABLE_STRICT_OBJC_MSGSEND = YES;
				GCC_C_LANGUAGE_STANDARD = gnu99;
				GCC_NO_COMMON_BLOCKS = YES;
				GCC_WARN_64_TO_32_BIT_CONVERSION = YES;
				GCC_WARN_ABOUT_RETURN_TYPE = YES_ERROR;
				GCC_WARN_UNDECLARED_SELECTOR = YES;
				GCC_WARN_UNINITIALIZED_AUTOS = YES_AGGRESSIVE;
				GCC_WARN_UNUSED_FUNCTION = YES;
				GCC_WARN_UNUSED_VARIABLE = YES;
				IPHONEOS_DEPLOYMENT_TARGET = 8.4;
				MTL_ENABLE_DEBUG_INFO = NO;
				SDKROOT = iphoneos;
				TARGETED_DEVICE_FAMILY = "1,2";
				VALIDATE_PRODUCT = YES;
			};
			name = Release;
		};
		540711E11B54159E00252EF9 /* Debug */ = {
			isa = XCBuildConfiguration;
			buildSettings = {
				ASSETCATALOG_COMPILER_APPICON_NAME = AppIcon;
				INFOPLIST_FILE = ReferenceTravelers/Info.plist;
				LD_RUNPATH_SEARCH_PATHS = "$(inherited) @executable_path/Frameworks";
				PRODUCT_NAME = "$(TARGET_NAME)";
				TARGETED_DEVICE_FAMILY = 2;
			};
			name = Debug;
		};
		540711E21B54159E00252EF9 /* Release */ = {
			isa = XCBuildConfiguration;
			buildSettings = {
				ASSETCATALOG_COMPILER_APPICON_NAME = AppIcon;
				INFOPLIST_FILE = ReferenceTravelers/Info.plist;
				LD_RUNPATH_SEARCH_PATHS = "$(inherited) @executable_path/Frameworks";
				PRODUCT_NAME = "$(TARGET_NAME)";
				TARGETED_DEVICE_FAMILY = 2;
			};
			name = Release;
		};
		540711E41B54159E00252EF9 /* Debug */ = {
			isa = XCBuildConfiguration;
			buildSettings = {
				BUNDLE_LOADER = "$(TEST_HOST)";
				FRAMEWORK_SEARCH_PATHS = (
					"$(SDKROOT)/Developer/Library/Frameworks",
					"$(inherited)",
				);
				GCC_PREPROCESSOR_DEFINITIONS = (
					"DEBUG=1",
					"$(inherited)",
				);
				INFOPLIST_FILE = ReferenceTravelersTests/Info.plist;
				LD_RUNPATH_SEARCH_PATHS = "$(inherited) @executable_path/Frameworks @loader_path/Frameworks";
				PRODUCT_NAME = "$(TARGET_NAME)";
				TEST_HOST = "$(BUILT_PRODUCTS_DIR)/ReferenceTravelers.app/ReferenceTravelers";
			};
			name = Debug;
		};
		540711E51B54159E00252EF9 /* Release */ = {
			isa = XCBuildConfiguration;
			buildSettings = {
				BUNDLE_LOADER = "$(TEST_HOST)";
				FRAMEWORK_SEARCH_PATHS = (
					"$(SDKROOT)/Developer/Library/Frameworks",
					"$(inherited)",
				);
				INFOPLIST_FILE = ReferenceTravelersTests/Info.plist;
				LD_RUNPATH_SEARCH_PATHS = "$(inherited) @executable_path/Frameworks @loader_path/Frameworks";
				PRODUCT_NAME = "$(TARGET_NAME)";
				TEST_HOST = "$(BUILT_PRODUCTS_DIR)/ReferenceTravelers.app/ReferenceTravelers";
			};
			name = Release;
		};
/* End XCBuildConfiguration section */

/* Begin XCConfigurationList section */
		540711B81B54159E00252EF9 /* Build configuration list for PBXProject "ReferenceTravelers" */ = {
			isa = XCConfigurationList;
			buildConfigurations = (
				540711DE1B54159E00252EF9 /* Debug */,
				540711DF1B54159E00252EF9 /* Release */,
			);
			defaultConfigurationIsVisible = 0;
			defaultConfigurationName = Release;
		};
		540711E01B54159E00252EF9 /* Build configuration list for PBXNativeTarget "ReferenceTravelers" */ = {
			isa = XCConfigurationList;
			buildConfigurations = (
				540711E11B54159E00252EF9 /* Debug */,
				540711E21B54159E00252EF9 /* Release */,
			);
			defaultConfigurationIsVisible = 0;
			defaultConfigurationName = Release;
		};
		540711E31B54159E00252EF9 /* Build configuration list for PBXNativeTarget "ReferenceTravelersTests" */ = {
			isa = XCConfigurationList;
			buildConfigurations = (
				540711E41B54159E00252EF9 /* Debug */,
				540711E51B54159E00252EF9 /* Release */,
			);
			defaultConfigurationIsVisible = 0;
			defaultConfigurationName = Release;
		};
/* End XCConfigurationList section */
	};
	rootObject = 540711B51B54159E00252EF9 /* Project object */;
}
